
Microsoft Visual Studio Solution File, Format Version 12.00
# Visual Studio Version 17
VisualStudioVersion = 17.7.34202.233
MinimumVisualStudioVersion = 10.0.40219.1
Project("{FAE04EC0-301F-11D3-BF4B-00C04F79EFBC}") = "eCommerceSite", "eCommerceSite\eCommerceSite.csproj", "{81BA181E-45D7-4F02-82A4-584134DBC54B}"
EndProject
Global
	GlobalSection(SolutionConfigurationPlatforms) = preSolution
		Debug|Any CPU = Debug|Any CPU
		Release|Any CPU = Release|Any CPU
	EndGlobalSection
	GlobalSection(ProjectConfigurationPlatforms) = postSolution
		{81BA181E-45D7-4F02-82A4-584134DBC54B}.Debug|Any CPU.ActiveCfg = Debug|Any CPU
		{81BA181E-45D7-4F02-82A4-584134DBC54B}.Debug|Any CPU.Build.0 = Debug|Any CPU
		{81BA181E-45D7-4F02-82A4-584134DBC54B}.Release|Any CPU.ActiveCfg = Release|Any CPU
		{81BA181E-45D7-4F02-82A4-584134DBC54B}.Release|Any CPU.Build.0 = Release|Any CPU
	EndGlobalSection
	GlobalSection(SolutionProperties) = preSolution
		HideSolutionNode = FALSE
	EndGlobalSection
	GlobalSection(ExtensibilityGlobals) = postSolution
		SolutionGuid = {373D5B45-6C78-46E0-949F-9CD37F0336AD}
	EndGlobalSection
EndGlobal
